{
    "_readme": [
        "This file locks the dependencies of your project to a known state",
        "Read more about it at http://getcomposer.org/doc/01-basic-usage.md#composer-lock-the-lock-file",
        "This file is @generated automatically"
    ],
    "hash": "408e1dfb915c81ac75c4f29d2c54c431",
    "packages": [
        {
            "name": "themainframe/veto",
            "version": "dev-master",
            "source": {
                "type": "git",
                "url": "https://github.com/themainframe/veto.git",
                "reference": "0866e67c4501a117a52927ff4e9c9e13d6d58b85"
            },
            "dist": {
                "type": "zip",
                "url": "https://api.github.com/repos/themainframe/veto/zipball/0866e67c4501a117a52927ff4e9c9e13d6d58b85",
                "reference": "0866e67c4501a117a52927ff4e9c9e13d6d58b85",
                "shasum": ""
            },
            "type": "library",
            "autoload": {
                "psr-0": {
                    "Veto": "src/"
                }
            },
            "notification-url": "https://packagist.org/downloads/",
            "authors": [
                {
                    "name": "Damien Walsh",
                    "email": "me@damow.net",
                    "homepage": "http://www.damow.net/"
                }
            ],
            "description": "Veto is a super-lightweight PHP framework to make building web applications easier.",
            "time": "2014-02-13 21:23:58"
        },
        {
            "name": "twig/twig",
            "version": "dev-master",
            "source": {
                "type": "git",
                "url": "https://github.com/fabpot/Twig.git",
                "reference": "5fd428ed7603ea63998716995c123c99648aab26"
            },
            "dist": {
                "type": "zip",
                "url": "https://api.github.com/repos/fabpot/Twig/zipball/5fd428ed7603ea63998716995c123c99648aab26",
                "reference": "5fd428ed7603ea63998716995c123c99648aab26",
                "shasum": ""
            },
            "require": {
                "php": ">=5.2.4"
            },
            "type": "library",
            "extra": {
                "branch-alias": {
                    "dev-master": "1.16-dev"
                }
            },
            "autoload": {
                "psr-0": {
                    "Twig_": "lib/"
                }
            },
            "notification-url": "https://packagist.org/downloads/",
            "license": [
                "BSD-3-Clause"
            ],
            "authors": [
                {
                    "name": "Fabien Potencier",
                    "email": "fabien@symfony.com",
                    "homepage": "http://fabien.potencier.org",
                    "role": "Lead Developer"
                },
                {
                    "name": "Armin Ronacher",
                    "email": "armin.ronacher@active-4.com",
                    "role": "Project Founder"
                },
                {
                    "name": "Twig Team",
                    "homepage": "https://github.com/fabpot/Twig/graphs/contributors",
                    "role": "Contributors"
                }
            ],
            "description": "Twig, the flexible, fast, and secure template language for PHP",
            "homepage": "http://twig.sensiolabs.org",
            "keywords": [
                "templating"
            ],
            "time": "2014-07-08 13:46:25"
        },
        {
            "name": "zendframework/zend-db",
            "version": "dev-develop",
            "target-dir": "Zend/Db",
            "source": {
                "type": "git",
                "url": "https://github.com/zendframework/Component_ZendDb.git",
                "reference": "c120208db31559b2cea3ea07eef2cceb2469bda5"
            },
            "dist": {
                "type": "zip",
                "url": "https://api.github.com/repos/zendframework/Component_ZendDb/zipball/c120208db31559b2cea3ea07eef2cceb2469bda5",
                "reference": "c120208db31559b2cea3ea07eef2cceb2469bda5",
                "shasum": ""
            },
            "require": {
                "php": ">=5.3.23"
            },
            "require-dev": {
                "zendframework/zend-eventmanager": "self.version",
                "zendframework/zend-servicemanager": "self.version",
                "zendframework/zend-stdlib": "self.version"
            },
            "suggest": {
                "zendframework/zend-eventmanager": "Zend\\EventManager component",
                "zendframework/zend-servicemanager": "Zend\\ServiceManager component",
                "zendframework/zend-stdlib": "Zend\\Stdlib component"
            },
            "type": "library",
            "extra": {
                "branch-alias": {
                    "dev-master": "2.2-dev",
                    "dev-develop": "2.3-dev"
                }
            },
            "autoload": {
                "psr-0": {
                    "Zend\\Db\\": ""
                }
            },
            "notification-url": "https://packagist.org/downloads/",
            "license": [
                "BSD-3-Clause"
            ],
            "keywords": [
                "db",
                "zf2"
            ],
            "time": "2014-03-11 18:00:08"
        }
    ],
    "packages-dev": [],
    "aliases": [],
    "minimum-stability": "dev",
    "stability-flags": {
        "themainframe/veto": 20,
        "zendframework/zend-db": 20
    },
    "platform": [],
    "platform-dev": []
}
